
Microsoft Visual Studio Solution File, Format Version 12.00
# Visual Studio 15
VisualStudioVersion = 15.0.27703.2047
MinimumVisualStudioVersion = 10.0.40219.1
Project("{FAE04EC0-301F-11D3-BF4B-00C04F79EFBC}") = "CommonMath", "CommonMath\CommonMath.csproj", "{0947D327-7152-4F35-B4BF-33ED73905BF3}"
EndProject
Project("{FAE04EC0-301F-11D3-BF4B-00C04F79EFBC}") = "UnitTestCommonMath", "UnitTestCommonMath\UnitTestCommonMath.csproj", "{061AA142-199D-4AB4-ACD0-6482AF7C3FF9}"
EndProject
Project("{FAE04EC0-301F-11D3-BF4B-00C04F79EFBC}") = "CommonAsync", "CommonAsync\CommonAsync.csproj", "{7A20ABEB-ACF6-4138-A980-CF6A7CC01FC0}"
EndProject
Project("{FAE04EC0-301F-11D3-BF4B-00C04F79EFBC}") = "UnitTestCommonAsync", "UnitTestCommonAsync\UnitTestCommonAsync.csproj", "{D362ECBA-446C-4350-8C7A-E314CF99CF17}"
EndProject
Global
	GlobalSection(SolutionConfigurationPlatforms) = preSolution
		Debug|Any CPU = Debug|Any CPU
		Release|Any CPU = Release|Any CPU
	EndGlobalSection
	GlobalSection(ProjectConfigurationPlatforms) = postSolution
		{0947D327-7152-4F35-B4BF-33ED73905BF3}.Debug|Any CPU.ActiveCfg = Debug|Any CPU
		{0947D327-7152-4F35-B4BF-33ED73905BF3}.Debug|Any CPU.Build.0 = Debug|Any CPU
		{0947D327-7152-4F35-B4BF-33ED73905BF3}.Release|Any CPU.ActiveCfg = Release|Any CPU
		{0947D327-7152-4F35-B4BF-33ED73905BF3}.Release|Any CPU.Build.0 = Release|Any CPU
		{061AA142-199D-4AB4-ACD0-6482AF7C3FF9}.Debug|Any CPU.ActiveCfg = Debug|Any CPU
		{061AA142-199D-4AB4-ACD0-6482AF7C3FF9}.Debug|Any CPU.Build.0 = Debug|Any CPU
		{061AA142-199D-4AB4-ACD0-6482AF7C3FF9}.Release|Any CPU.ActiveCfg = Release|Any CPU
		{061AA142-199D-4AB4-ACD0-6482AF7C3FF9}.Release|Any CPU.Build.0 = Release|Any CPU
		{7A20ABEB-ACF6-4138-A980-CF6A7CC01FC0}.Debug|Any CPU.ActiveCfg = Debug|Any CPU
		{7A20ABEB-ACF6-4138-A980-CF6A7CC01FC0}.Debug|Any CPU.Build.0 = Debug|Any CPU
		{7A20ABEB-ACF6-4138-A980-CF6A7CC01FC0}.Release|Any CPU.ActiveCfg = Release|Any CPU
		{7A20ABEB-ACF6-4138-A980-CF6A7CC01FC0}.Release|Any CPU.Build.0 = Release|Any CPU
		{D362ECBA-446C-4350-8C7A-E314CF99CF17}.Debug|Any CPU.ActiveCfg = Debug|Any CPU
		{D362ECBA-446C-4350-8C7A-E314CF99CF17}.Debug|Any CPU.Build.0 = Debug|Any CPU
		{D362ECBA-446C-4350-8C7A-E314CF99CF17}.Release|Any CPU.ActiveCfg = Release|Any CPU
		{D362ECBA-446C-4350-8C7A-E314CF99CF17}.Release|Any CPU.Build.0 = Release|Any CPU
	EndGlobalSection
	GlobalSection(SolutionProperties) = preSolution
		HideSolutionNode = FALSE
	EndGlobalSection
	GlobalSection(ExtensibilityGlobals) = postSolution
		SolutionGuid = {BE443BE6-915F-4757-9774-378E82690C89}
	EndGlobalSection
EndGlobal
