
Microsoft Visual Studio Solution File, Format Version 12.00
# Visual Studio 15
VisualStudioVersion = 15.0.27703.2047
MinimumVisualStudioVersion = 10.0.40219.1
Project("{FAE04EC0-301F-11D3-BF4B-00C04F79EFBC}") = "CommonMath", "CommonMath\CommonMath.csproj", "{0947D327-7152-4F35-B4BF-33ED73905BF3}"
EndProject
Project("{FAE04EC0-301F-11D3-BF4B-00C04F79EFBC}") = "CommonData", "CommonData\CommonData.csproj", "{81093710-85F5-4D6D-BE15-A9A23EF20A2A}"
EndProject
Project("{FAE04EC0-301F-11D3-BF4B-00C04F79EFBC}") = "UnitTestConstants", "UnitTestConstants\UnitTestConstants.csproj", "{B35933AD-3A2C-410F-A85D-F1FBD3BF5311}"
EndProject
Project("{2150E333-8FDC-42A3-9474-1A3956D46DE8}") = "Tests", "Tests", "{2C529EC5-B311-4364-B470-8ABF7C536102}"
EndProject
Project("{FAE04EC0-301F-11D3-BF4B-00C04F79EFBC}") = "CommonLinq", "CommonLinq\CommonLinq.csproj", "{32F7F676-B4BB-4656-9E3A-88191B0C2383}"
EndProject
Project("{FAE04EC0-301F-11D3-BF4B-00C04F79EFBC}") = "UnitTestCommonMath", "Tests\UnitTestCommonMath\UnitTestCommonMath.csproj", "{BB9FA891-52B2-4455-8606-2E651D04445F}"
EndProject
Project("{FAE04EC0-301F-11D3-BF4B-00C04F79EFBC}") = "UnitTestCommonLinq", "Tests\UnitTestCommonLinq\UnitTestCommonLinq.csproj", "{43048C5A-9682-4E23-85B9-ADA6347F97D1}"
EndProject
Project("{FAE04EC0-301F-11D3-BF4B-00C04F79EFBC}") = "UnitTestCommonData", "Tests\UnitTestCommonData\UnitTestCommonData.csproj", "{24A00A9F-E110-4DD0-8AFC-3474B0DDEE5E}"
EndProject
Global
	GlobalSection(SolutionConfigurationPlatforms) = preSolution
		Debug|Any CPU = Debug|Any CPU
		Release|Any CPU = Release|Any CPU
	EndGlobalSection
	GlobalSection(ProjectConfigurationPlatforms) = postSolution
		{0947D327-7152-4F35-B4BF-33ED73905BF3}.Debug|Any CPU.ActiveCfg = Debug|Any CPU
		{0947D327-7152-4F35-B4BF-33ED73905BF3}.Debug|Any CPU.Build.0 = Debug|Any CPU
		{0947D327-7152-4F35-B4BF-33ED73905BF3}.Release|Any CPU.ActiveCfg = Release|Any CPU
		{0947D327-7152-4F35-B4BF-33ED73905BF3}.Release|Any CPU.Build.0 = Release|Any CPU
		{81093710-85F5-4D6D-BE15-A9A23EF20A2A}.Debug|Any CPU.ActiveCfg = Debug|Any CPU
		{81093710-85F5-4D6D-BE15-A9A23EF20A2A}.Debug|Any CPU.Build.0 = Debug|Any CPU
		{81093710-85F5-4D6D-BE15-A9A23EF20A2A}.Release|Any CPU.ActiveCfg = Release|Any CPU
		{81093710-85F5-4D6D-BE15-A9A23EF20A2A}.Release|Any CPU.Build.0 = Release|Any CPU
		{B35933AD-3A2C-410F-A85D-F1FBD3BF5311}.Debug|Any CPU.ActiveCfg = Debug|Any CPU
		{B35933AD-3A2C-410F-A85D-F1FBD3BF5311}.Debug|Any CPU.Build.0 = Debug|Any CPU
		{B35933AD-3A2C-410F-A85D-F1FBD3BF5311}.Release|Any CPU.ActiveCfg = Release|Any CPU
		{B35933AD-3A2C-410F-A85D-F1FBD3BF5311}.Release|Any CPU.Build.0 = Release|Any CPU
		{32F7F676-B4BB-4656-9E3A-88191B0C2383}.Debug|Any CPU.ActiveCfg = Debug|Any CPU
		{32F7F676-B4BB-4656-9E3A-88191B0C2383}.Debug|Any CPU.Build.0 = Debug|Any CPU
		{32F7F676-B4BB-4656-9E3A-88191B0C2383}.Release|Any CPU.ActiveCfg = Release|Any CPU
		{32F7F676-B4BB-4656-9E3A-88191B0C2383}.Release|Any CPU.Build.0 = Release|Any CPU
		{BB9FA891-52B2-4455-8606-2E651D04445F}.Debug|Any CPU.ActiveCfg = Debug|Any CPU
		{BB9FA891-52B2-4455-8606-2E651D04445F}.Debug|Any CPU.Build.0 = Debug|Any CPU
		{BB9FA891-52B2-4455-8606-2E651D04445F}.Release|Any CPU.ActiveCfg = Release|Any CPU
		{BB9FA891-52B2-4455-8606-2E651D04445F}.Release|Any CPU.Build.0 = Release|Any CPU
		{43048C5A-9682-4E23-85B9-ADA6347F97D1}.Debug|Any CPU.ActiveCfg = Debug|Any CPU
		{43048C5A-9682-4E23-85B9-ADA6347F97D1}.Debug|Any CPU.Build.0 = Debug|Any CPU
		{43048C5A-9682-4E23-85B9-ADA6347F97D1}.Release|Any CPU.ActiveCfg = Release|Any CPU
		{43048C5A-9682-4E23-85B9-ADA6347F97D1}.Release|Any CPU.Build.0 = Release|Any CPU
		{24A00A9F-E110-4DD0-8AFC-3474B0DDEE5E}.Debug|Any CPU.ActiveCfg = Debug|Any CPU
		{24A00A9F-E110-4DD0-8AFC-3474B0DDEE5E}.Debug|Any CPU.Build.0 = Debug|Any CPU
		{24A00A9F-E110-4DD0-8AFC-3474B0DDEE5E}.Release|Any CPU.ActiveCfg = Release|Any CPU
		{24A00A9F-E110-4DD0-8AFC-3474B0DDEE5E}.Release|Any CPU.Build.0 = Release|Any CPU
	EndGlobalSection
	GlobalSection(SolutionProperties) = preSolution
		HideSolutionNode = FALSE
	EndGlobalSection
	GlobalSection(NestedProjects) = preSolution
		{B35933AD-3A2C-410F-A85D-F1FBD3BF5311} = {2C529EC5-B311-4364-B470-8ABF7C536102}
		{BB9FA891-52B2-4455-8606-2E651D04445F} = {2C529EC5-B311-4364-B470-8ABF7C536102}
		{43048C5A-9682-4E23-85B9-ADA6347F97D1} = {2C529EC5-B311-4364-B470-8ABF7C536102}
		{24A00A9F-E110-4DD0-8AFC-3474B0DDEE5E} = {2C529EC5-B311-4364-B470-8ABF7C536102}
	EndGlobalSection
	GlobalSection(ExtensibilityGlobals) = postSolution
		SolutionGuid = {BE443BE6-915F-4757-9774-378E82690C89}
	EndGlobalSection
EndGlobal
