
Microsoft Visual Studio Solution File, Format Version 12.00
# Visual Studio 15
VisualStudioVersion = 15.0.28307.106
MinimumVisualStudioVersion = 10.0.40219.1
Project("{9A19103F-16F7-4668-BE54-9A1E7A4F7556}") = "CommonMath", "CommonMath\CommonMath.csproj", "{F05FE217-F2BC-468E-826D-D53A497A52CF}"
EndProject
Project("{2150E333-8FDC-42A3-9474-1A3956D46DE8}") = "Tests", "Tests", "{D138EF71-59F0-4F44-89A9-BD5B0163CF00}"
EndProject
Project("{9A19103F-16F7-4668-BE54-9A1E7A4F7556}") = "UnitTestConstants", "UnitTestConstants\UnitTestConstants.csproj", "{09058A63-A9FB-4D74-B8E2-7CA42E855091}"
EndProject
Project("{FAE04EC0-301F-11D3-BF4B-00C04F79EFBC}") = "CommonData", "CommonData\CommonData.csproj", "{ABE30DA4-5850-4998-B616-D28488FEC809}"
EndProject
Project("{FAE04EC0-301F-11D3-BF4B-00C04F79EFBC}") = "CommonLinq", "CommonLinq\CommonLinq.csproj", "{AA365BC8-5697-4F1D-9058-2FBC25276C62}"
EndProject
Global
	GlobalSection(SolutionConfigurationPlatforms) = preSolution
		Debug|Any CPU = Debug|Any CPU
		Release|Any CPU = Release|Any CPU
	EndGlobalSection
	GlobalSection(ProjectConfigurationPlatforms) = postSolution
		{F05FE217-F2BC-468E-826D-D53A497A52CF}.Debug|Any CPU.ActiveCfg = Debug|Any CPU
		{F05FE217-F2BC-468E-826D-D53A497A52CF}.Debug|Any CPU.Build.0 = Debug|Any CPU
		{F05FE217-F2BC-468E-826D-D53A497A52CF}.Release|Any CPU.ActiveCfg = Release|Any CPU
		{F05FE217-F2BC-468E-826D-D53A497A52CF}.Release|Any CPU.Build.0 = Release|Any CPU
		{09058A63-A9FB-4D74-B8E2-7CA42E855091}.Debug|Any CPU.ActiveCfg = Debug|Any CPU
		{09058A63-A9FB-4D74-B8E2-7CA42E855091}.Debug|Any CPU.Build.0 = Debug|Any CPU
		{09058A63-A9FB-4D74-B8E2-7CA42E855091}.Release|Any CPU.ActiveCfg = Release|Any CPU
		{09058A63-A9FB-4D74-B8E2-7CA42E855091}.Release|Any CPU.Build.0 = Release|Any CPU
		{ABE30DA4-5850-4998-B616-D28488FEC809}.Debug|Any CPU.ActiveCfg = Debug|Any CPU
		{ABE30DA4-5850-4998-B616-D28488FEC809}.Debug|Any CPU.Build.0 = Debug|Any CPU
		{ABE30DA4-5850-4998-B616-D28488FEC809}.Release|Any CPU.ActiveCfg = Release|Any CPU
		{ABE30DA4-5850-4998-B616-D28488FEC809}.Release|Any CPU.Build.0 = Release|Any CPU
		{AA365BC8-5697-4F1D-9058-2FBC25276C62}.Debug|Any CPU.ActiveCfg = Debug|Any CPU
		{AA365BC8-5697-4F1D-9058-2FBC25276C62}.Debug|Any CPU.Build.0 = Debug|Any CPU
		{AA365BC8-5697-4F1D-9058-2FBC25276C62}.Release|Any CPU.ActiveCfg = Release|Any CPU
		{AA365BC8-5697-4F1D-9058-2FBC25276C62}.Release|Any CPU.Build.0 = Release|Any CPU
	EndGlobalSection
	GlobalSection(SolutionProperties) = preSolution
		HideSolutionNode = FALSE
	EndGlobalSection
	GlobalSection(NestedProjects) = preSolution
		{09058A63-A9FB-4D74-B8E2-7CA42E855091} = {D138EF71-59F0-4F44-89A9-BD5B0163CF00}
	EndGlobalSection
	GlobalSection(ExtensibilityGlobals) = postSolution
		SolutionGuid = {1E267D1A-C88D-4833-BAA4-22B462026B81}
	EndGlobalSection
EndGlobal
